
Microsoft Visual Studio Solution File, Format Version 12.00
# Visual Studio Version 16
VisualStudioVersion = 16.0.31911.196
MinimumVisualStudioVersion = 10.0.40219.1
Project("{FAE04EC0-301F-11D3-BF4B-00C04F79EFBC}") = "Tarea", "Tarea\Tarea.csproj", "{45FA2E79-6E1A-49E9-9A11-5A829D8A734B}"
EndProject
Global
	GlobalSection(SolutionConfigurationPlatforms) = preSolution
		Debug|Any CPU = Debug|Any CPU
		Release|Any CPU = Release|Any CPU
	EndGlobalSection
	GlobalSection(ProjectConfigurationPlatforms) = postSolution
		{45FA2E79-6E1A-49E9-9A11-5A829D8A734B}.Debug|Any CPU.ActiveCfg = Debug|Any CPU
		{45FA2E79-6E1A-49E9-9A11-5A829D8A734B}.Debug|Any CPU.Build.0 = Debug|Any CPU
		{45FA2E79-6E1A-49E9-9A11-5A829D8A734B}.Release|Any CPU.ActiveCfg = Release|Any CPU
		{45FA2E79-6E1A-49E9-9A11-5A829D8A734B}.Release|Any CPU.Build.0 = Release|Any CPU
	EndGlobalSection
	GlobalSection(SolutionProperties) = preSolution
		HideSolutionNode = FALSE
	EndGlobalSection
	GlobalSection(ExtensibilityGlobals) = postSolution
		SolutionGuid = {66A8CDE5-5B26-4CD3-ACE8-868C982A3CC2}
	EndGlobalSection
EndGlobal
